
Microsoft Visual Studio Solution File, Format Version 12.00
# Visual Studio 2015
Project("{FAE04EC0-301F-11D3-BF4B-00C04F79EFBC}") = "1600 Labs.CSharp", "1600 Labs.CSharp.csproj", "{CAF06F37-B51A-4E35-797C-DAA81655A795}"
EndProject
Global
	GlobalSection(SolutionConfigurationPlatforms) = preSolution
		Debug|Any CPU = Debug|Any CPU
		Release|Any CPU = Release|Any CPU
	EndGlobalSection
	GlobalSection(ProjectConfigurationPlatforms) = postSolution
		{CAF06F37-B51A-4E35-797C-DAA81655A795}.Debug|Any CPU.ActiveCfg = Debug|Any CPU
		{CAF06F37-B51A-4E35-797C-DAA81655A795}.Debug|Any CPU.Build.0 = Debug|Any CPU
		{CAF06F37-B51A-4E35-797C-DAA81655A795}.Release|Any CPU.ActiveCfg = Release|Any CPU
		{CAF06F37-B51A-4E35-797C-DAA81655A795}.Release|Any CPU.Build.0 = Release|Any CPU
	EndGlobalSection
	GlobalSection(SolutionProperties) = preSolution
		HideSolutionNode = FALSE
	EndGlobalSection
EndGlobal
